{
  "name": "vpm-builder",
  "lockfileVersion": 2,
  "requires": true,
  "packages": {
    "": {
      "name": "vpm-builder",
      "dependencies": {
        "@es-git/fetch-mixin": "^0.10.0",
        "@es-git/load-as-mixin": "^0.10.0",
        "@es-git/memory-repo": "^0.10.0",
        "@es-git/walkers-mixin": "^0.10.0",
        "adm-zip": "^0.6.0",
        "typescript": "^5.4.0"
      },
      "devDependencies": {
        "@tsconfig/node20": "^1.0.0",
        "@types/node": "^20.0.0"
      }
    },
    "node_modules/@babel/runtime": {
      "version": "7.29.7",
      "resolved": "https://registry.npmjs.org/@babel/runtime/-/runtime-7.29.7.tgz",
      "integrity": "sha512-Nq8OhGWiZIZGV6hLHoyAKLLcJihP/xFeBMGJoUrxTX2psI8dCifzLhZISFb+VWS3wFMRDmCGw5R+dOySCqPLhw==",
      "peer": true,
      "engines": {
        "node": ">=6.9.0"
      }
    },
    "node_modules/@es-git/core": {
      "version": "0.10.0",
      "resolved": "https://registry.npmjs.org/@es-git/core/-/core-0.10.0.tgz",
      "integrity": "sha512-evBpDnjrJXci6TmQvpnx/sTUHCQEVikOreWxmBe+HdFZA5mHHbam5uh5egOiLyCEmJtE4MDiV91UuC0rTC1OEA==",
      "dependencies": {
        "@es-git/mix": "^0.10.0",
        "text-encoding-utf-8": "^1.0.2"
      },
      "peerDependencies": {
        "@babel/runtime": "^7.12.5"
      }
    },
    "node_modules/@es-git/fetch-mixin": {
      "version": "0.10.0",
      "resolved": "https://registry.npmjs.org/@es-git/fetch-mixin/-/fetch-mixin-0.10.0.tgz",
      "integrity": "sha512-0zi8V70xc4r8CWJAIu3Bj/+mBibblMdWKpvg+HU1rftOgSVI213c75a3P++2SJCsxswPnwiGhuZRepmZuEBwsA==",
      "dependencies": {
        "@es-git/core": "^0.10.0",
        "@es-git/http-transport": "^0.10.0"
      },
      "peerDependencies": {
        "@babel/runtime": "^7.12.5"
      }
    },
    "node_modules/@es-git/http-transport": {
      "version": "0.10.0",
      "resolved": "https://registry.npmjs.org/@es-git/http-transport/-/http-transport-0.10.0.tgz",
      "integrity": "sha512-smF/vrJq07ivntemczxpguIwnFuVnUgmovm1JiCQ7oZPeKMbFjkm9r6iCPSV/J+58lN8czGfYeEvftybVT8yuA==",
      "dependencies": {
        "@es-git/core": "^0.10.0",
        "@es-git/packfile": "^0.10.0"
      },
      "peerDependencies": {
        "@babel/runtime": "^7.12.5"
      }
    },
    "node_modules/@es-git/load-as-mixin": {
      "version": "0.10.0",
      "resolved": "https://registry.npmjs.org/@es-git/load-as-mixin/-/load-as-mixin-0.10.0.tgz",
      "integrity": "sha512-ekVTAxcfroppMgjas1PLT8hDaw91krusV2DFXOn5adRMqhjn2HPQmiAX6P0c1Egtq+99QgZjxmRudzIS0MnmzQ==",
      "dependencies": {
        "@es-git/core": "^0.10.0",
        "@es-git/object-mixin": "^0.10.0"
      },
      "peerDependencies": {
        "@babel/runtime": "^7.12.5"
      }
    },
    "node_modules/@es-git/memory-repo": {
      "version": "0.10.0",
      "resolved": "https://registry.npmjs.org/@es-git/memory-repo/-/memory-repo-0.10.0.tgz",
      "integrity": "sha512-5DgZeQwDjSAZWagHZiWsKilUTYlDIo84m3mTaA7uASWGrLRDtc5xU7IoXlJ7ZA2qwiQPRimDe9BroAo4XpKvLg==",
      "dependencies": {
        "@es-git/core": "^0.10.0"
      },
      "peerDependencies": {
        "@babel/runtime": "^7.12.5"
      }
    },
    "node_modules/@es-git/mix": {
      "version": "0.10.0",
      "resolved": "https://registry.npmjs.org/@es-git/mix/-/mix-0.10.0.tgz",
      "integrity": "sha512-306y/wg20d2V7i0k4HASvmn0W4O8JvI2X9Wx67VjEGs/xgFaeo7mnc3gG9GvXdLxv0QGQ1CYtveZF8QTYcS4jg==",
      "peerDependencies": {
        "@babel/runtime": "^7.12.5"
      }
    },
    "node_modules/@es-git/object-mixin": {
      "version": "0.10.0",
      "resolved": "https://registry.npmjs.org/@es-git/object-mixin/-/object-mixin-0.10.0.tgz",
      "integrity": "sha512-q1P2i6a0ZttRaZKHara461vGkoX3+raWcdzifMlH5+5qdFxp0fDKVIziGWPl2ZE90evwO69WyOzu9l7mLqNi2Q==",
      "dependencies": {
        "@es-git/core": "^0.10.0"
      },
      "peerDependencies": {
        "@babel/runtime": "^7.12.5"
      }
    },
    "node_modules/@es-git/packfile": {
      "version": "0.10.0",
      "resolved": "https://registry.npmjs.org/@es-git/packfile/-/packfile-0.10.0.tgz",
      "integrity": "sha512-Sk4irbhKP32K5QGN/cykpvisNCWpzHIU1sF+SKBitzfL6qmpSzuIfFbw/AXtjQkkocWcb5W7NWHi7LeKo2RVpw==",
      "dependencies": {
        "@es-git/core": "^0.10.0",
        "pako": "^1.0.5"
      },
      "peerDependencies": {
        "@babel/runtime": "^7.12.5"
      }
    },
    "node_modules/@es-git/walkers-mixin": {
      "version": "0.10.0",
      "resolved": "https://registry.npmjs.org/@es-git/walkers-mixin/-/walkers-mixin-0.10.0.tgz",
      "integrity": "sha512-BR2rFCs6hfcimB4MSijkDQOKfHtL/4hcVBs9XqRTZeA7aMA+PlrtR148uiibZV7qqoaS5r7OYhogS8u5kGxTqw==",
      "dependencies": {
        "@es-git/core": "^0.10.0",
        "@es-git/object-mixin": "^0.10.0"
      },
      "peerDependencies": {
        "@babel/runtime": "^7.12.5"
      }
    },
    "node_modules/@tsconfig/node20": {
      "version": "1.0.2",
      "resolved": "https://registry.npmjs.org/@tsconfig/node20/-/node20-1.0.2.tgz",
      "integrity": "sha512-pw0MmECiSTbBfIlT0x3iQLuJ8s3i2mwYoGxJ3vzqTNMdc4nO2VeqfCOQ/doGFa8iyPlqmBd98/5pBctWz7uN2A==",
      "dev": true
    },
    "node_modules/@types/node": {
      "version": "20.19.43",
      "resolved": "https://registry.npmjs.org/@types/node/-/node-20.19.43.tgz",
      "integrity": "sha512-6oYBAi5ikg4Pl+kGsoYtawUMBT2zZMCvPNF7pVLnHZfd1zf38DRiWn/gT01RYCdUqkv7Fhr+C9ot4/tb+2sVvA==",
      "dev": true,
      "dependencies": {
        "undici-types": "~6.21.0"
      }
    },
    "node_modules/adm-zip": {
      "version": "0.6.0",
      "resolved": "https://registry.npmjs.org/adm-zip/-/adm-zip-0.6.0.tgz",
      "integrity": "sha512-XleryMhbuksdKtofnWZ9Sk+4CUTbms4Mb/EU32SZwToAyZ5RgVos/ki8n+yr0LWHOGKuakbXTuuYNHLQjhddgg==",
      "engines": {
        "node": ">=14.0"
      }
    },
    "node_modules/pako": {
      "version": "1.0.11",
      "resolved": "https://registry.npmjs.org/pako/-/pako-1.0.11.tgz",
      "integrity": "sha512-4hLB8Py4zZce5s4yd9XzopqwVv/yGNhV1Bl8NTmCq1763HeK2+EwVTv+leGeL13Dnh2wfbqowVPXCIO0z4taYw=="
    },
    "node_modules/text-encoding-utf-8": {
      "version": "1.0.2",
      "resolved": "https://registry.npmjs.org/text-encoding-utf-8/-/text-encoding-utf-8-1.0.2.tgz",
      "integrity": "sha512-8bw4MY9WjdsD2aMtO0OzOCY3pXGYNx2d2FfHRVUKkiCPDWjKuOlhLVASS+pD7VkLTVjW268LYJHwsnPFlBpbAg=="
    },
    "node_modules/typescript": {
      "version": "5.9.3",
      "resolved": "https://registry.npmjs.org/typescript/-/typescript-5.9.3.tgz",
      "integrity": "sha512-jl1vZzPDinLr9eUt3J/t7V6FgNEw9QjvBPdysz9KfQDD41fQrC2Y4vKQdiaUpFT4bXlb1RHhLpp8wtm6M5TgSw==",
      "bin": {
        "tsc": "bin/tsc",
        "tsserver": "bin/tsserver"
      },
      "engines": {
        "node": ">=14.17"
      }
    },
    "node_modules/undici-types": {
      "version": "6.21.0",
      "resolved": "https://registry.npmjs.org/undici-types/-/undici-types-6.21.0.tgz",
      "integrity": "sha512-iwDZqg0QAGrg9Rav5H4n0M64c3mkR59cJ6wQp+7C4nI0gsmExaedaYLNO44eT4AtBBwjbTiGPMlt2Md0T9H9JQ==",
      "dev": true
    }
  },
  "dependencies": {
    "@babel/runtime": {
      "version": "7.29.7",
      "resolved": "https://registry.npmjs.org/@babel/runtime/-/runtime-7.29.7.tgz",
      "integrity": "sha512-Nq8OhGWiZIZGV6hLHoyAKLLcJihP/xFeBMGJoUrxTX2psI8dCifzLhZISFb+VWS3wFMRDmCGw5R+dOySCqPLhw==",
      "peer": true
    },
    "@es-git/core": {
      "version": "0.10.0",
      "resolved": "https://registry.npmjs.org/@es-git/core/-/core-0.10.0.tgz",
      "integrity": "sha512-evBpDnjrJXci6TmQvpnx/sTUHCQEVikOreWxmBe+HdFZA5mHHbam5uh5egOiLyCEmJtE4MDiV91UuC0rTC1OEA==",
      "requires": {
        "@es-git/mix": "^0.10.0",
        "text-encoding-utf-8": "^1.0.2"
      }
    },
    "@es-git/fetch-mixin": {
      "version": "0.10.0",
      "resolved": "https://registry.npmjs.org/@es-git/fetch-mixin/-/fetch-mixin-0.10.0.tgz",
      "integrity": "sha512-0zi8V70xc4r8CWJAIu3Bj/+mBibblMdWKpvg+HU1rftOgSVI213c75a3P++2SJCsxswPnwiGhuZRepmZuEBwsA==",
      "requires": {
        "@es-git/core": "^0.10.0",
        "@es-git/http-transport": "^0.10.0"
      }
    },
    "@es-git/http-transport": {
      "version": "0.10.0",
      "resolved": "https://registry.npmjs.org/@es-git/http-transport/-/http-transport-0.10.0.tgz",
      "integrity": "sha512-smF/vrJq07ivntemczxpguIwnFuVnUgmovm1JiCQ7oZPeKMbFjkm9r6iCPSV/J+58lN8czGfYeEvftybVT8yuA==",
      "requires": {
        "@es-git/core": "^0.10.0",
        "@es-git/packfile": "^0.10.0"
      }
    },
    "@es-git/load-as-mixin": {
      "version": "0.10.0",
      "resolved": "https://registry.npmjs.org/@es-git/load-as-mixin/-/load-as-mixin-0.10.0.tgz",
      "integrity": "sha512-ekVTAxcfroppMgjas1PLT8hDaw91krusV2DFXOn5adRMqhjn2HPQmiAX6P0c1Egtq+99QgZjxmRudzIS0MnmzQ==",
      "requires": {
        "@es-git/core": "^0.10.0",
        "@es-git/object-mixin": "^0.10.0"
      }
    },
    "@es-git/memory-repo": {
      "version": "0.10.0",
      "resolved": "https://registry.npmjs.org/@es-git/memory-repo/-/memory-repo-0.10.0.tgz",
      "integrity": "sha512-5DgZeQwDjSAZWagHZiWsKilUTYlDIo84m3mTaA7uASWGrLRDtc5xU7IoXlJ7ZA2qwiQPRimDe9BroAo4XpKvLg==",
      "requires": {
        "@es-git/core": "^0.10.0"
      }
    },
    "@es-git/mix": {
      "version": "0.10.0",
      "resolved": "https://registry.npmjs.org/@es-git/mix/-/mix-0.10.0.tgz",
      "integrity": "sha512-306y/wg20d2V7i0k4HASvmn0W4O8JvI2X9Wx67VjEGs/xgFaeo7mnc3gG9GvXdLxv0QGQ1CYtveZF8QTYcS4jg==",
      "requires": {}
    },
    "@es-git/object-mixin": {
      "version": "0.10.0",
      "resolved": "https://registry.npmjs.org/@es-git/object-mixin/-/object-mixin-0.10.0.tgz",
      "integrity": "sha512-q1P2i6a0ZttRaZKHara461vGkoX3+raWcdzifMlH5+5qdFxp0fDKVIziGWPl2ZE90evwO69WyOzu9l7mLqNi2Q==",
      "requires": {
        "@es-git/core": "^0.10.0"
      }
    },
    "@es-git/packfile": {
      "version": "0.10.0",
      "resolved": "https://registry.npmjs.org/@es-git/packfile/-/packfile-0.10.0.tgz",
      "integrity": "sha512-Sk4irbhKP32K5QGN/cykpvisNCWpzHIU1sF+SKBitzfL6qmpSzuIfFbw/AXtjQkkocWcb5W7NWHi7LeKo2RVpw==",
      "requires": {
        "@es-git/core": "^0.10.0",
        "pako": "^1.0.5"
      }
    },
    "@es-git/walkers-mixin": {
      "version": "0.10.0",
      "resolved": "https://registry.npmjs.org/@es-git/walkers-mixin/-/walkers-mixin-0.10.0.tgz",
      "integrity": "sha512-BR2rFCs6hfcimB4MSijkDQOKfHtL/4hcVBs9XqRTZeA7aMA+PlrtR148uiibZV7qqoaS5r7OYhogS8u5kGxTqw==",
      "requires": {
        "@es-git/core": "^0.10.0",
        "@es-git/object-mixin": "^0.10.0"
      }
    },
    "@tsconfig/node20": {
      "version": "1.0.2",
      "resolved": "https://registry.npmjs.org/@tsconfig/node20/-/node20-1.0.2.tgz",
      "integrity": "sha512-pw0MmECiSTbBfIlT0x3iQLuJ8s3i2mwYoGxJ3vzqTNMdc4nO2VeqfCOQ/doGFa8iyPlqmBd98/5pBctWz7uN2A==",
      "dev": true
    },
    "@types/node": {
      "version": "20.19.43",
      "resolved": "https://registry.npmjs.org/@types/node/-/node-20.19.43.tgz",
      "integrity": "sha512-6oYBAi5ikg4Pl+kGsoYtawUMBT2zZMCvPNF7pVLnHZfd1zf38DRiWn/gT01RYCdUqkv7Fhr+C9ot4/tb+2sVvA==",
      "dev": true,
      "requires": {
        "undici-types": "~6.21.0"
      }
    },
    "adm-zip": {
      "version": "0.6.0",
      "resolved": "https://registry.npmjs.org/adm-zip/-/adm-zip-0.6.0.tgz",
      "integrity": "sha512-XleryMhbuksdKtofnWZ9Sk+4CUTbms4Mb/EU32SZwToAyZ5RgVos/ki8n+yr0LWHOGKuakbXTuuYNHLQjhddgg=="
    },
    "pako": {
      "version": "1.0.11",
      "resolved": "https://registry.npmjs.org/pako/-/pako-1.0.11.tgz",
      "integrity": "sha512-4hLB8Py4zZce5s4yd9XzopqwVv/yGNhV1Bl8NTmCq1763HeK2+EwVTv+leGeL13Dnh2wfbqowVPXCIO0z4taYw=="
    },
    "text-encoding-utf-8": {
      "version": "1.0.2",
      "resolved": "https://registry.npmjs.org/text-encoding-utf-8/-/text-encoding-utf-8-1.0.2.tgz",
      "integrity": "sha512-8bw4MY9WjdsD2aMtO0OzOCY3pXGYNx2d2FfHRVUKkiCPDWjKuOlhLVASS+pD7VkLTVjW268LYJHwsnPFlBpbAg=="
    },
    "typescript": {
      "version": "5.9.3",
      "resolved": "https://registry.npmjs.org/typescript/-/typescript-5.9.3.tgz",
      "integrity": "sha512-jl1vZzPDinLr9eUt3J/t7V6FgNEw9QjvBPdysz9KfQDD41fQrC2Y4vKQdiaUpFT4bXlb1RHhLpp8wtm6M5TgSw=="
    },
    "undici-types": {
      "version": "6.21.0",
      "resolved": "https://registry.npmjs.org/undici-types/-/undici-types-6.21.0.tgz",
      "integrity": "sha512-iwDZqg0QAGrg9Rav5H4n0M64c3mkR59cJ6wQp+7C4nI0gsmExaedaYLNO44eT4AtBBwjbTiGPMlt2Md0T9H9JQ==",
      "dev": true
    }
  }
}
